
Microsoft Visual Studio Solution File, Format Version 12.00
# Visual Studio Version 16
VisualStudioVersion = 16.0.31321.278
MinimumVisualStudioVersion = 10.0.40219.1
Project("{FAE04EC0-301F-11D3-BF4B-00C04F79EFBC}") = "Servicio_crud", "Servicio_crud\Servicio_crud.csproj", "{9FD4EB9E-BD94-473D-BF7F-4B5B606A2FA5}"
EndProject
Global
	GlobalSection(SolutionConfigurationPlatforms) = preSolution
		Debug|Any CPU = Debug|Any CPU
		Release|Any CPU = Release|Any CPU
	EndGlobalSection
	GlobalSection(ProjectConfigurationPlatforms) = postSolution
		{9FD4EB9E-BD94-473D-BF7F-4B5B606A2FA5}.Debug|Any CPU.ActiveCfg = Debug|Any CPU
		{9FD4EB9E-BD94-473D-BF7F-4B5B606A2FA5}.Debug|Any CPU.Build.0 = Debug|Any CPU
		{9FD4EB9E-BD94-473D-BF7F-4B5B606A2FA5}.Release|Any CPU.ActiveCfg = Release|Any CPU
		{9FD4EB9E-BD94-473D-BF7F-4B5B606A2FA5}.Release|Any CPU.Build.0 = Release|Any CPU
	EndGlobalSection
	GlobalSection(SolutionProperties) = preSolution
		HideSolutionNode = FALSE
	EndGlobalSection
	GlobalSection(ExtensibilityGlobals) = postSolution
		SolutionGuid = {5CC11163-AFCF-462A-A935-A275C3AF38EA}
	EndGlobalSection
EndGlobal
